
Microsoft Visual Studio Solution File, Format Version 12.00
# Visual Studio Version 17
VisualStudioVersion = 17.1.32210.238
MinimumVisualStudioVersion = 10.0.40219.1
Project("{FAE04EC0-301F-11D3-BF4B-00C04F79EFBC}") = "AzureBlobStorage", "AzureBlobStorage\AzureBlobStorage.csproj", "{B7E363B2-6B55-4F99-A539-90B14A19F49A}"
EndProject
Global
	GlobalSection(SolutionConfigurationPlatforms) = preSolution
		Debug|Any CPU = Debug|Any CPU
		Release|Any CPU = Release|Any CPU
	EndGlobalSection
	GlobalSection(ProjectConfigurationPlatforms) = postSolution
		{B7E363B2-6B55-4F99-A539-90B14A19F49A}.Debug|Any CPU.ActiveCfg = Debug|Any CPU
		{B7E363B2-6B55-4F99-A539-90B14A19F49A}.Debug|Any CPU.Build.0 = Debug|Any CPU
		{B7E363B2-6B55-4F99-A539-90B14A19F49A}.Release|Any CPU.ActiveCfg = Release|Any CPU
		{B7E363B2-6B55-4F99-A539-90B14A19F49A}.Release|Any CPU.Build.0 = Release|Any CPU
	EndGlobalSection
	GlobalSection(SolutionProperties) = preSolution
		HideSolutionNode = FALSE
	EndGlobalSection
	GlobalSection(ExtensibilityGlobals) = postSolution
		SolutionGuid = {BE678ED7-984B-4483-B8D0-8A55A366B3F7}
	EndGlobalSection
EndGlobal
